
Microsoft Visual Studio Solution File, Format Version 12.00
# Visual Studio Version 17
VisualStudioVersion = 17.0.32112.339
MinimumVisualStudioVersion = 10.0.40219.1
Project("{FAE04EC0-301F-11D3-BF4B-00C04F79EFBC}") = "Nomina", "Nomina\Nomina.csproj", "{2ACB57E5-903B-4A3B-BB53-EA259152E8A2}"
EndProject
Global
	GlobalSection(SolutionConfigurationPlatforms) = preSolution
		Debug|Any CPU = Debug|Any CPU
		Release|Any CPU = Release|Any CPU
	EndGlobalSection
	GlobalSection(ProjectConfigurationPlatforms) = postSolution
		{2ACB57E5-903B-4A3B-BB53-EA259152E8A2}.Debug|Any CPU.ActiveCfg = Debug|Any CPU
		{2ACB57E5-903B-4A3B-BB53-EA259152E8A2}.Debug|Any CPU.Build.0 = Debug|Any CPU
		{2ACB57E5-903B-4A3B-BB53-EA259152E8A2}.Release|Any CPU.ActiveCfg = Release|Any CPU
		{2ACB57E5-903B-4A3B-BB53-EA259152E8A2}.Release|Any CPU.Build.0 = Release|Any CPU
	EndGlobalSection
	GlobalSection(SolutionProperties) = preSolution
		HideSolutionNode = FALSE
	EndGlobalSection
	GlobalSection(ExtensibilityGlobals) = postSolution
		SolutionGuid = {A41E4FCD-9D3E-4485-ABC2-D0A95EAF1227}
	EndGlobalSection
EndGlobal
