
Microsoft Visual Studio Solution File, Format Version 12.00
# Visual Studio Version 17
VisualStudioVersion = 17.5.002.0
MinimumVisualStudioVersion = 10.0.40219.1
Project("{9A19103F-16F7-4668-BE54-9A1E7A4F7556}") = "Reto1", "Reto1.csproj", "{D030942A-06B8-4E98-8636-E6CCD3218883}"
EndProject
Global
	GlobalSection(SolutionConfigurationPlatforms) = preSolution
		Debug|Any CPU = Debug|Any CPU
		Release|Any CPU = Release|Any CPU
	EndGlobalSection
	GlobalSection(ProjectConfigurationPlatforms) = postSolution
		{D030942A-06B8-4E98-8636-E6CCD3218883}.Debug|Any CPU.ActiveCfg = Debug|Any CPU
		{D030942A-06B8-4E98-8636-E6CCD3218883}.Debug|Any CPU.Build.0 = Debug|Any CPU
		{D030942A-06B8-4E98-8636-E6CCD3218883}.Release|Any CPU.ActiveCfg = Release|Any CPU
		{D030942A-06B8-4E98-8636-E6CCD3218883}.Release|Any CPU.Build.0 = Release|Any CPU
	EndGlobalSection
	GlobalSection(SolutionProperties) = preSolution
		HideSolutionNode = FALSE
	EndGlobalSection
	GlobalSection(ExtensibilityGlobals) = postSolution
		SolutionGuid = {427FAFF9-DAE1-4A92-B64D-07C9EE806197}
	EndGlobalSection
EndGlobal
